Microsoft Visual Studio Solution File, Format Version 12.00
# Visual Studio Version 17
VisualStudioVersion = 17.0.31919.166
MinimumVisualStudioVersion = 10.0.40219.1
Project("{9A19103F-16F7-4668-BE54-9A50C7FB411B}") = "IUS.ExamSystem.Domain", "IUS.ExamSystem.Domain\IUS.ExamSystem.Domain.csproj", "{1A5B5B5B-5B5B-5B5B-5B5B-5B5B5B5B5B5B}"
EndProject
Project("{9A19103F-16F7-4668-BE54-9A50C7FB411B}") = "IUS.ExamSystem.Infrastructure", "IUS.ExamSystem.Infrastructure\IUS.ExamSystem.Infrastructure.csproj", "{2A5B5B5B-5B5B-5B5B-5B5B-5B5B5B5B5B5B}"
EndProject
Project("{9A19103F-16F7-4668-BE54-9A50C7FB411B}") = "IUS.ExamSystem.Application", "IUS.ExamSystem.Application\IUS.ExamSystem.Application.csproj", "{3A5B5B5B-5B5B-5B5B-5B5B-5B5B5B5B5B5B}"
EndProject
Project("{9A19103F-16F7-4668-BE54-9A50C7FB411B}") = "IUS.ExamSystem.API", "IUS.ExamSystem.API\IUS.ExamSystem.API.csproj", "{4A5B5B5B-5B5B-5B5B-5B5B-5B5B5B5B5B5B}"
EndProject
Global
	GlobalSection(SolutionConfigurationPlatforms) = preSolution
		Debug|Any CPU = Debug|Any CPU
		Release|Any CPU = Release|Any CPU
	EndGlobalSection
	GlobalSection(ProjectConfigurationPlatforms) = postSolution
		{1A5B5B5B-5B5B-5B5B-5B5B-5B5B5B5B5B5B}.Debug|Any CPU.ActiveCfg = Debug|Any CPU
		{1A5B5B5B-5B5B-5B5B-5B5B-5B5B5B5B5B5B}.Debug|Any CPU.Build.0 = Debug|Any CPU
		{1A5B5B5B-5B5B-5B5B-5B5B-5B5B5B5B5B5B}.Release|Any CPU.ActiveCfg = Release|Any CPU
		{1A5B5B5B-5B5B-5B5B-5B5B-5B5B5B5B5B5B}.Release|Any CPU.Build.0 = Release|Any CPU
		{2A5B5B5B-5B5B-5B5B-5B5B-5B5B5B5B5B5B}.Debug|Any CPU.ActiveCfg = Debug|Any CPU
		{2A5B5B5B-5B5B-5B5B-5B5B-5B5B5B5B5B5B}.Debug|Any CPU.Build.0 = Debug|Any CPU
		{2A5B5B5B-5B5B-5B5B-5B5B-5B5B5B5B5B5B}.Release|Any CPU.ActiveCfg = Release|Any CPU
		{2A5B5B5B-5B5B-5B5B-5B5B-5B5B5B5B5B5B}.Release|Any CPU.Build.0 = Release|Any CPU
		{3A5B5B5B-5B5B-5B5B-5B5B-5B5B5B5B5B5B}.Debug|Any CPU.ActiveCfg = Debug|Any CPU
		{3A5B5B5B-5B5B-5B5B-5B5B-5B5B5B5B5B5B}.Debug|Any CPU.Build.0 = Debug|Any CPU
		{3A5B5B5B-5B5B-5B5B-5B5B-5B5B5B5B5B5B}.Release|Any CPU.ActiveCfg = Release|Any CPU
		{3A5B5B5B-5B5B-5B5B-5B5B-5B5B5B5B5B5B}.Release|Any CPU.Build.0 = Release|Any CPU
		{4A5B5B5B-5B5B-5B5B-5B5B-5B5B5B5B5B5B}.Debug|Any CPU.ActiveCfg = Debug|Any CPU
		{4A5B5B5B-5B5B-5B5B-5B5B-5B5B5B5B5B5B}.Debug|Any CPU.Build.0 = Debug|Any CPU
		{4A5B5B5B-5B5B-5B5B-5B5B-5B5B5B5B5B5B}.Release|Any CPU.ActiveCfg = Release|Any CPU
		{4A5B5B5B-5B5B-5B5B-5B5B-5B5B5B5B5B5B}.Release|Any CPU.Build.0 = Release|Any CPU
	EndGlobalSection
EndGlobal
